
Microsoft Visual Studio Solution File, Format Version 12.00
# Visual Studio Version 17
VisualStudioVersion = 17.14.36414.22 d17.14
MinimumVisualStudioVersion = 10.0.40219.1
Project("{FAE04EC0-301F-11D3-BF4B-00C04F79EFBC}") = "Finances", "Finances.csproj", "{409C83FF-ABA9-40F1-8374-E2F15528CDCB}"
EndProject
Global
	GlobalSection(SolutionConfigurationPlatforms) = preSolution
		Debug|Any CPU = Debug|Any CPU
		Release|Any CPU = Release|Any CPU
	EndGlobalSection
	GlobalSection(ProjectConfigurationPlatforms) = postSolution
		{409C83FF-ABA9-40F1-8374-E2F15528CDCB}.Debug|Any CPU.ActiveCfg = Debug|Any CPU
		{409C83FF-ABA9-40F1-8374-E2F15528CDCB}.Debug|Any CPU.Build.0 = Debug|Any CPU
		{409C83FF-ABA9-40F1-8374-E2F15528CDCB}.Release|Any CPU.ActiveCfg = Release|Any CPU
		{409C83FF-ABA9-40F1-8374-E2F15528CDCB}.Release|Any CPU.Build.0 = Release|Any CPU
	EndGlobalSection
	GlobalSection(SolutionProperties) = preSolution
		HideSolutionNode = FALSE
	EndGlobalSection
	GlobalSection(ExtensibilityGlobals) = postSolution
		SolutionGuid = {20950C71-F6B3-402B-A159-4C183C6DB547}
	EndGlobalSection
EndGlobal
